
Microsoft Visual Studio Solution File, Format Version 12.00
# Visual Studio 15
VisualStudioVersion = 15.0.28307.421
MinimumVisualStudioVersion = 10.0.40219.1
Project("{FAE04EC0-301F-11D3-BF4B-00C04F79EFBC}") = "PropertyManagementAPI", "PropertyManagementAPI\PropertyManagementAPI.csproj", "{C581572D-5218-4A4A-8D24-B0EFE3517066}"
EndProject
Global
	GlobalSection(SolutionConfigurationPlatforms) = preSolution
		Debug|Any CPU = Debug|Any CPU
		Release|Any CPU = Release|Any CPU
	EndGlobalSection
	GlobalSection(ProjectConfigurationPlatforms) = postSolution
		{C581572D-5218-4A4A-8D24-B0EFE3517066}.Debug|Any CPU.ActiveCfg = Debug|Any CPU
		{C581572D-5218-4A4A-8D24-B0EFE3517066}.Debug|Any CPU.Build.0 = Debug|Any CPU
		{C581572D-5218-4A4A-8D24-B0EFE3517066}.Release|Any CPU.ActiveCfg = Release|Any CPU
		{C581572D-5218-4A4A-8D24-B0EFE3517066}.Release|Any CPU.Build.0 = Release|Any CPU
	EndGlobalSection
	GlobalSection(SolutionProperties) = preSolution
		HideSolutionNode = FALSE
	EndGlobalSection
	GlobalSection(ExtensibilityGlobals) = postSolution
		SolutionGuid = {05304BC2-53CD-48E9-A7D8-92054D8DCA2C}
	EndGlobalSection
EndGlobal
